
Microsoft Visual Studio Solution File, Format Version 12.00
# Visual Studio Version 16
VisualStudioVersion = 16.0.30114.105
MinimumVisualStudioVersion = 10.0.40219.1
Project("{FAE04EC0-301F-11D3-BF4B-00C04F79EFBC}") = "Fruitmarket.WebApp", "Fruitmarket.WebApp\Fruitmarket.WebApp.csproj", "{09A65452-F7E1-4AA1-8DD1-72461B8843AD}"
EndProject
Project("{FAE04EC0-301F-11D3-BF4B-00C04F79EFBC}") = "Fruitmarket", "Fruitmarket\Fruitmarket.csproj", "{8D84D093-5230-48FD-A033-A9963140429F}"
EndProject
Project("{FAE04EC0-301F-11D3-BF4B-00C04F79EFBC}") = "FruitmarketTests", "FruitmarketTests\FruitmarketTests.csproj", "{9EE925C1-81AC-4845-A533-5D4355D715F0}"
EndProject
Global
	GlobalSection(SolutionProperties) = preSolution
		HideSolutionNode = FALSE
	EndGlobalSection
	GlobalSection(SolutionConfigurationPlatforms) = preSolution
		Debug|Any CPU = Debug|Any CPU
		Debug|x64 = Debug|x64
		Debug|x86 = Debug|x86
		Release|Any CPU = Release|Any CPU
		Release|x64 = Release|x64
		Release|x86 = Release|x86
	EndGlobalSection
	GlobalSection(ProjectConfigurationPlatforms) = postSolution
		{09A65452-F7E1-4AA1-8DD1-72461B8843AD}.Debug|Any CPU.ActiveCfg = Debug|Any CPU
		{09A65452-F7E1-4AA1-8DD1-72461B8843AD}.Debug|Any CPU.Build.0 = Debug|Any CPU
		{09A65452-F7E1-4AA1-8DD1-72461B8843AD}.Debug|x64.ActiveCfg = Debug|Any CPU
		{09A65452-F7E1-4AA1-8DD1-72461B8843AD}.Debug|x64.Build.0 = Debug|Any CPU
		{09A65452-F7E1-4AA1-8DD1-72461B8843AD}.Debug|x86.ActiveCfg = Debug|Any CPU
		{09A65452-F7E1-4AA1-8DD1-72461B8843AD}.Debug|x86.Build.0 = Debug|Any CPU
		{09A65452-F7E1-4AA1-8DD1-72461B8843AD}.Release|Any CPU.ActiveCfg = Release|Any CPU
		{09A65452-F7E1-4AA1-8DD1-72461B8843AD}.Release|Any CPU.Build.0 = Release|Any CPU
		{09A65452-F7E1-4AA1-8DD1-72461B8843AD}.Release|x64.ActiveCfg = Release|Any CPU
		{09A65452-F7E1-4AA1-8DD1-72461B8843AD}.Release|x64.Build.0 = Release|Any CPU
		{09A65452-F7E1-4AA1-8DD1-72461B8843AD}.Release|x86.ActiveCfg = Release|Any CPU
		{09A65452-F7E1-4AA1-8DD1-72461B8843AD}.Release|x86.Build.0 = Release|Any CPU
		{8D84D093-5230-48FD-A033-A9963140429F}.Debug|Any CPU.ActiveCfg = Debug|Any CPU
		{8D84D093-5230-48FD-A033-A9963140429F}.Debug|Any CPU.Build.0 = Debug|Any CPU
		{8D84D093-5230-48FD-A033-A9963140429F}.Debug|x64.ActiveCfg = Debug|Any CPU
		{8D84D093-5230-48FD-A033-A9963140429F}.Debug|x64.Build.0 = Debug|Any CPU
		{8D84D093-5230-48FD-A033-A9963140429F}.Debug|x86.ActiveCfg = Debug|Any CPU
		{8D84D093-5230-48FD-A033-A9963140429F}.Debug|x86.Build.0 = Debug|Any CPU
		{8D84D093-5230-48FD-A033-A9963140429F}.Release|Any CPU.ActiveCfg = Release|Any CPU
		{8D84D093-5230-48FD-A033-A9963140429F}.Release|Any CPU.Build.0 = Release|Any CPU
		{8D84D093-5230-48FD-A033-A9963140429F}.Release|x64.ActiveCfg = Release|Any CPU
		{8D84D093-5230-48FD-A033-A9963140429F}.Release|x64.Build.0 = Release|Any CPU
		{8D84D093-5230-48FD-A033-A9963140429F}.Release|x86.ActiveCfg = Release|Any CPU
		{8D84D093-5230-48FD-A033-A9963140429F}.Release|x86.Build.0 = Release|Any CPU
		{9EE925C1-81AC-4845-A533-5D4355D715F0}.Debug|Any CPU.ActiveCfg = Debug|Any CPU
		{9EE925C1-81AC-4845-A533-5D4355D715F0}.Debug|Any CPU.Build.0 = Debug|Any CPU
		{9EE925C1-81AC-4845-A533-5D4355D715F0}.Debug|x64.ActiveCfg = Debug|Any CPU
		{9EE925C1-81AC-4845-A533-5D4355D715F0}.Debug|x64.Build.0 = Debug|Any CPU
		{9EE925C1-81AC-4845-A533-5D4355D715F0}.Debug|x86.ActiveCfg = Debug|Any CPU
		{9EE925C1-81AC-4845-A533-5D4355D715F0}.Debug|x86.Build.0 = Debug|Any CPU
		{9EE925C1-81AC-4845-A533-5D4355D715F0}.Release|Any CPU.ActiveCfg = Release|Any CPU
		{9EE925C1-81AC-4845-A533-5D4355D715F0}.Release|Any CPU.Build.0 = Release|Any CPU
		{9EE925C1-81AC-4845-A533-5D4355D715F0}.Release|x64.ActiveCfg = Release|Any CPU
		{9EE925C1-81AC-4845-A533-5D4355D715F0}.Release|x64.Build.0 = Release|Any CPU
		{9EE925C1-81AC-4845-A533-5D4355D715F0}.Release|x86.ActiveCfg = Release|Any CPU
		{9EE925C1-81AC-4845-A533-5D4355D715F0}.Release|x86.Build.0 = Release|Any CPU
	EndGlobalSection
EndGlobal
